GEM
  remote: https://rubygems.org/
  specs:
    bitarray (1.2.0)
    docile (1.4.0)
    murmurhash3 (0.1.6)
    murmurhash3 (0.1.6-java)
    simplecov (0.22.0)
      docile (~> 1.1)
      simplecov-html (~> 0.11)
      simplecov_json_formatter (~> 0.1)
    simplecov-html (0.12.3)
    simplecov_json_formatter (0.1.4)
    webrick (1.8.2)
    yard (0.9.37)

PLATFORMS
  java
  ruby

DEPENDENCIES
  bitarray
  murmurhash3
  simplecov (~> 0.22.0)
  yard

BUNDLED WITH
   2.4.2
